{
  "nodes": {
    "flake-utils": {
      "inputs": {
        "systems": "systems"
      },
      "locked": {
        "lastModified": 1710146030,
        "narHash": "sha256-SZ5L6eA7HJ/nmkzGG7/ISclqe6oZdOZTNoesiInkXPQ=",
        "owner": "numtide",
        "repo": "flake-utils",
        "rev": "b1d9ab70662946ef0850d488da1c9019f3a9752a",
        "type": "github"
      },
      "original": {
        "owner": "numtide",
        "repo": "flake-utils",
        "type": "github"
      }
    },
    "nixpkgs": {
      "locked": {
        "lastModified": 1718198959,
        "narHash": "sha256-s04G4JzMhLmlxK56DRMimXZ0n/lCQYRNOusKIGdaYks=",
        "owner": "nixos",
        "repo": "nixpkgs",
        "rev": "375801cfcba34b1b2d4360cf54817a114e1411f0",
        "type": "github"
      },
      "original": {
        "owner": "nixos",
        "repo": "nixpkgs",
        "type": "github"
      }
    },
    "opam2nix": {
      "inputs": {
        "flake-utils": [
          "flake-utils"
        ],
        "nixpkgs": [
          "nixpkgs"
        ],
        "opam-repository": [
          "opam-repository"
        ]
      },
      "locked": {
        "lastModified": 1713905575,
        "narHash": "sha256-1sxuQRnQIVo3+WABqvrPPoVfbEDUgsrFvyBWSjLDHUA=",
        "owner": "vapourismo",
        "repo": "opam-nix-integration",
        "rev": "bd6e54fd7e180b7184c021397f730c71b6ccbf33",
        "type": "github"
      },
      "original": {
        "owner": "vapourismo",
        "repo": "opam-nix-integration",
        "type": "github"
      }
    },
    "opam-repository": {
      "flake": false,
      "locked": {
        "lastModified": 1714054447,
        "narHash": "sha256-M84UBjf191bFYhAnZZmZs+tVhtN8RPNEjmPStvd8qHM=",
        "owner": "ocaml",
        "repo": "opam-repository",
        "rev": "56e6b1f095e3db3a86eab56327a4ba3af896e74d",
        "type": "github"
      },
      "original": {
        "owner": "ocaml",
        "repo": "opam-repository",
        "type": "github"
      }
    },
    "root": {
      "inputs": {
        "flake-utils": "flake-utils",
        "nixpkgs": "nixpkgs",
        "opam-repository": "opam-repository",
        "opam2nix": "opam2nix"
      }
    },
    "systems": {
      "locked": {
        "lastModified": 1681028828,
        "narHash": "sha256-Vy1rq5AaRuLzOxct8nz4T6wlgyUR7zLU309k9mBC768=",
        "owner": "nix-systems",
        "repo": "default",
        "rev": "da67096a3b9bf56a91d16901293e51ba5b49a27e",
        "type": "github"
      },
      "original": {
        "owner": "nix-systems",
        "repo": "default",
        "type": "github"
      }
    }
  },
  "root": "root",
  "version": 7
}
