{
  "nodes": {
    "flake-utils": {
      "inputs": {
        "systems": "systems"
      },
      "locked": {
        "lastModified": 1731533236,
        "narHash": "sha256-l0KFg5HjrsfsO/JpG+r7fRrqm12kzFHyUHqHCVpMMbI=",
        "owner": "numtide",
        "repo": "flake-utils",
        "rev": "11707dc2f618dd54ca8739b309ec4fc024de578b",
        "type": "github"
      },
      "original": {
        "owner": "numtide",
        "repo": "flake-utils",
        "type": "github"
      }
    },
    "grace": {
      "flake": false,
      "locked": {
        "lastModified": 1717098178,
        "narHash": "sha256-jubzimeKs29Y6Di2/kpKEOnNAEzMzVpC5HMLjog4Tlg=",
        "owner": "johnyob",
        "repo": "grace",
        "rev": "d15a6d7d07a2551d1a9934fa79c2cf84c918f990",
        "type": "github"
      },
      "original": {
        "owner": "johnyob",
        "repo": "grace",
        "type": "github"
      }
    },
    "hackage": {
      "flake": false,
      "locked": {
        "lastModified": 1739492620,
        "narHash": "sha256-vYPBc4qw3qXzbTYrMfm66FtndUKT9lKNzky5mDM8Qh8=",
        "owner": "input-output-hk",
        "repo": "hackage.nix",
        "rev": "fc95e011e801bfadeb7d103a8e67ff41d1dbeb37",
        "type": "github"
      },
      "original": {
        "owner": "input-output-hk",
        "repo": "hackage.nix",
        "type": "github"
      }
    },
    "nixpkgs": {
      "locked": {
        "lastModified": 1739555188,
        "narHash": "sha256-yAMPrW9FsJ/calvz9uXdHyVWo3NxXcfG5Ste2TGHvz4=",
        "owner": "nixos",
        "repo": "nixpkgs",
        "rev": "2b1992d95f0739a360899e7e273f8a7211d48641",
        "type": "github"
      },
      "original": {
        "owner": "nixos",
        "repo": "nixpkgs",
        "type": "github"
      }
    },
    "ocaml-overlay": {
      "inputs": {
        "nixpkgs": [
          "nixpkgs"
        ]
      },
      "locked": {
        "lastModified": 1739458310,
        "narHash": "sha256-POz/W/tgXvl1kUrGxwJrmgLHrnMoe/RTqwgt03ZybVk=",
        "owner": "nix-ocaml",
        "repo": "nix-overlays",
        "rev": "0329f9874b42f783821160224513952d0753c0a5",
        "type": "github"
      },
      "original": {
        "owner": "nix-ocaml",
        "repo": "nix-overlays",
        "type": "github"
      }
    },
    "root": {
      "inputs": {
        "flake-utils": "flake-utils",
        "grace": "grace",
        "hackage": "hackage",
        "nixpkgs": "nixpkgs",
        "ocaml-overlay": "ocaml-overlay",
        "tezos-ligo": "tezos-ligo",
        "treefmt": "treefmt"
      }
    },
    "systems": {
      "locked": {
        "lastModified": 1681028828,
        "narHash": "sha256-Vy1rq5AaRuLzOxct8nz4T6wlgyUR7zLU309k9mBC768=",
        "owner": "nix-systems",
        "repo": "default",
        "rev": "da67096a3b9bf56a91d16901293e51ba5b49a27e",
        "type": "github"
      },
      "original": {
        "owner": "nix-systems",
        "repo": "default",
        "type": "github"
      }
    },
    "tezos-ligo": {
      "flake": false,
      "locked": {
        "lastModified": 1723647240,
        "narHash": "sha256-FkOR4VqFngdejBCqzwwySINfK/oNklsnIVrvQYVAfyc=",
        "owner": "ligolang",
        "repo": "tezos-ligo",
        "rev": "fb4bad17f4d4a8b1df1ba5ea96935f63321e3a30",
        "type": "gitlab"
      },
      "original": {
        "owner": "ligolang",
        "ref": "v21-ligo",
        "repo": "tezos-ligo",
        "type": "gitlab"
      }
    },
    "treefmt": {
      "inputs": {
        "nixpkgs": [
          "nixpkgs"
        ]
      },
      "locked": {
        "lastModified": 1738953846,
        "narHash": "sha256-yrK3Hjcr8F7qS/j2F+r7C7o010eVWWlm4T1PrbKBOxQ=",
        "owner": "numtide",
        "repo": "treefmt-nix",
        "rev": "4f09b473c936d41582dd744e19f34ec27592c5fd",
        "type": "github"
      },
      "original": {
        "owner": "numtide",
        "repo": "treefmt-nix",
        "type": "github"
      }
    }
  },
  "root": "root",
  "version": 7
}
