{
  "nodes": {
    "flake-utils": {
      "inputs": {
        "systems": "systems"
      },
      "locked": {
        "lastModified": 1710146030,
        "narHash": "sha256-SZ5L6eA7HJ/nmkzGG7/ISclqe6oZdOZTNoesiInkXPQ=",
        "owner": "numtide",
        "repo": "flake-utils",
        "rev": "b1d9ab70662946ef0850d488da1c9019f3a9752a",
        "type": "github"
      },
      "original": {
        "owner": "numtide",
        "repo": "flake-utils",
        "type": "github"
      }
    },
    "grace": {
      "flake": false,
      "locked": {
        "lastModified": 1717098178,
        "narHash": "sha256-jubzimeKs29Y6Di2/kpKEOnNAEzMzVpC5HMLjog4Tlg=",
        "owner": "johnyob",
        "repo": "grace",
        "rev": "d15a6d7d07a2551d1a9934fa79c2cf84c918f990",
        "type": "github"
      },
      "original": {
        "owner": "johnyob",
        "repo": "grace",
        "rev": "d15a6d7d07a2551d1a9934fa79c2cf84c918f990",
        "type": "github"
      }
    },
    "nixpkgs": {
      "locked": {
        "lastModified": 1718203485,
        "narHash": "sha256-wXR+47sNmdYf4JSxwpkN1MB6kqyb8Dvwb4kXgnO9K58=",
        "owner": "nixos",
        "repo": "nixpkgs",
        "rev": "48b2f19db454883c88c537e9d12a2349620420d4",
        "type": "github"
      },
      "original": {
        "owner": "nixos",
        "repo": "nixpkgs",
        "type": "github"
      }
    },
    "opam-repository": {
      "flake": false,
      "locked": {
        "lastModified": 1718201572,
        "narHash": "sha256-BJ5RQshW1dDOlply2kp7EXmUJ+9jY7qITqXGCZxlOsg=",
        "owner": "ocaml",
        "repo": "opam-repository",
        "rev": "d3c97597730a6734599d4256874cf4086dcd8b59",
        "type": "github"
      },
      "original": {
        "owner": "ocaml",
        "repo": "opam-repository",
        "type": "github"
      }
    },
    "opam2nix": {
      "inputs": {
        "flake-utils": [
          "flake-utils"
        ],
        "nixpkgs": [
          "nixpkgs"
        ],
        "opam-repository": [
          "opam-repository"
        ]
      },
      "locked": {
        "lastModified": 1716561961,
        "narHash": "sha256-SgeZItYuUZV7WSaoX4G7J1ZpmwgeI3ocQCLP95E+O1U=",
        "owner": "vapourismo",
        "repo": "opam-nix-integration",
        "rev": "0f98236c75cdb436be7669ccaa249264456baa37",
        "type": "github"
      },
      "original": {
        "owner": "vapourismo",
        "repo": "opam-nix-integration",
        "type": "github"
      }
    },
    "root": {
      "inputs": {
        "flake-utils": "flake-utils",
        "grace": "grace",
        "nixpkgs": "nixpkgs",
        "opam-repository": "opam-repository",
        "opam2nix": "opam2nix"
      }
    },
    "systems": {
      "locked": {
        "lastModified": 1681028828,
        "narHash": "sha256-Vy1rq5AaRuLzOxct8nz4T6wlgyUR7zLU309k9mBC768=",
        "owner": "nix-systems",
        "repo": "default",
        "rev": "da67096a3b9bf56a91d16901293e51ba5b49a27e",
        "type": "github"
      },
      "original": {
        "owner": "nix-systems",
        "repo": "default",
        "type": "github"
      }
    }
  },
  "root": "root",
  "version": 7
}
